// !$*UTF8*$!
{
	archiveVersion = 1;
	classes = {
	};
	objectVersion = 50;
	objects = {

/* Begin PBXBuildFile section */
		3005D1F72571AE650050D386 /* AppDelegate.swift in Sources */ = {isa = PBXBuildFile; fileRef = 3005D1F62571AE650050D386 /* AppDelegate.swift */; };
		3005D1F92571AE650050D386 /* SceneDelegate.swift in Sources */ = {isa = PBXBuildFile; fileRef = 3005D1F82571AE650050D386 /* SceneDelegate.swift */; };
		3005D1FB2571AE650050D386 /* ViewController.swift in Sources */ = {isa = PBXBuildFile; fileRef = 3005D1FA2571AE650050D386 /* ViewController.swift */; };
		3005D1FE2571AE650050D386 /* Main.storyboard in Resources */ = {isa = PBXBuildFile; fileRef = 3005D1FC2571AE650050D386 /* Main.storyboard */; };
		3005D2012571AE650050D386 /* Light.xcdatamodeld in Sources */ = {isa = PBXBuildFile; fileRef = 3005D1FF2571AE650050D386 /* Light.xcdatamodeld */; };
		3005D2032571AE690050D386 /* Assets.xcassets in Resources */ = {isa = PBXBuildFile; fileRef = 3005D2022571AE690050D386 /* Assets.xcassets */; };
		3005D2062571AE690050D386 /* LaunchScreen.storyboard in Resources */ = {isa = PBXBuildFile; fileRef = 3005D2042571AE690050D386 /* LaunchScreen.storyboard */; };
		3005D2112571AE690050D386 /* LightTests.swift in Sources */ = {isa = PBXBuildFile; fileRef = 3005D2102571AE690050D386 /* LightTests.swift */; };
		3005D21C2571AE690050D386 /* LightUITests.swift in Sources */ = {isa = PBXBuildFile; fileRef = 3005D21B2571AE690050D386 /* LightUITests.swift */; };
/* End PBXBuildFile section */

/* Begin PBXContainerItemProxy section */
		3005D20D2571AE690050D386 /* PBXContainerItemProxy */ = {
			isa = PBXContainerItemProxy;
			containerPortal = 3005D1EB2571AE650050D386 /* Project object */;
			proxyType = 1;
			remoteGlobalIDString = 3005D1F22571AE650050D386;
			remoteInfo = Light;
		};
		3005D2182571AE690050D386 /* PBXContainerItemProxy */ = {
			isa = PBXContainerItemProxy;
			containerPortal = 3005D1EB2571AE650050D386 /* Project object */;
			proxyType = 1;
			remoteGlobalIDString = 3005D1F22571AE650050D386;
			remoteInfo = Light;
		};
/* End PBXContainerItemProxy section */

/* Begin PBXFileReference section */
		3005D1F32571AE650050D386 /* Light.app */ = {isa = PBXFileReference; explicitFileType = wrapper.application; includeInIndex = 0; path = Light.app; sourceTree = BUILT_PRODUCTS_DIR; };
		3005D1F62571AE650050D386 /* AppDelegate.swift */ = {isa = PBXFileReference; lastKnownFileType = sourcecode.swift; path = AppDelegate.swift; sourceTree = "<group>"; };
		3005D1F82571AE650050D386 /* SceneDelegate.swift */ = {isa = PBXFileReference; lastKnownFileType = sourcecode.swift; path = SceneDelegate.swift; sourceTree = "<group>"; };
		3005D1FA2571AE650050D386 /* ViewController.swift */ = {isa = PBXFileReference; lastKnownFileType = sourcecode.swift; path = ViewController.swift; sourceTree = "<group>"; };
		3005D1FD2571AE650050D386 /* Base */ = {isa = PBXFileReference; lastKnownFileType = file.storyboard; name = Base; path = Base.lproj/Main.storyboard; sourceTree = "<group>"; };
		3005D2002571AE650050D386 /* Light.xcdatamodel */ = {isa = PBXFileReference; lastKnownFileType = wrapper.xcdatamodel; path = Light.xcdatamodel; sourceTree = "<group>"; };
		3005D2022571AE690050D386 /* Assets.xcassets */ = {isa = PBXFileReference; lastKnownFileType = folder.assetcatalog; path = Assets.xcassets; sourceTree = "<group>"; };
		3005D2052571AE690050D386 /* Base */ = {isa = PBXFileReference; lastKnownFileType = file.storyboard; name = Base; path = Base.lproj/LaunchScreen.storyboard; sourceTree = "<group>"; };
		3005D2072571AE690050D386 /* Info.plist */ = {isa = PBXFileReference; lastKnownFileType = text.plist.xml; path = Info.plist; sourceTree = "<group>"; };
		3005D20C2571AE690050D386 /* LightTests.xctest */ = {isa = PBXFileReference; explicitFileType = wrapper.cfbundle; includeInIndex = 0; path = LightTests.xctest; sourceTree = BUILT_PRODUCTS_DIR; };
		3005D2102571AE690050D386 /* LightTests.swift */ = {isa = PBXFileReference; lastKnownFileType = sourcecode.swift; path = LightTests.swift; sourceTree = "<group>"; };
		3005D2122571AE690050D386 /* Info.plist */ = {isa = PBXFileReference; lastKnownFileType = text.plist.xml; path = Info.plist; sourceTree = "<group>"; };
		3005D2172571AE690050D386 /* LightUITests.xctest */ = {isa = PBXFileReference; explicitFileType = wrapper.cfbundle; includeInIndex = 0; path = LightUITests.xctest; sourceTree = BUILT_PRODUCTS_DIR; };
		3005D21B2571AE690050D386 /* LightUITests.swift */ = {isa = PBXFileReference; lastKnownFileType = sourcecode.swift; path = LightUITests.swift; sourceTree = "<group>"; };
		3005D21D2571AE690050D386 /* Info.plist */ = {isa = PBXFileReference; lastKnownFileType = text.plist.xml; path = Info.plist; sourceTree = "<group>"; };
/* End PBXFileReference section */

/* Begin PBXFrameworksBuildPhase section */
		3005D1F02571AE650050D386 /* Frameworks */ = {
			isa = PBXFrameworksBuildPhase;
			buildActionMask = 2147483647;
			files = (
			);
			runOnlyForDeploymentPostprocessing = 0;
		};
		3005D2092571AE690050D386 /* Frameworks */ = {
			isa = PBXFrameworksBuildPhase;
			buildActionMask = 2147483647;
			files = (
			);
			runOnlyForDeploymentPostprocessing = 0;
		};
		3005D2142571AE690050D386 /* Frameworks */ = {
			isa = PBXFrameworksBuildPhase;
			buildActionMask = 2147483647;
			files = (
			);
			runOnlyForDeploymentPostprocessing = 0;
		};
/* End PBXFrameworksBuildPhase section */

/* Begin PBXGroup section */
		3005D1EA2571AE650050D386 = {
			isa = PBXGroup;
			children = (
				3005D1F52571AE650050D386 /* Light */,
				3005D20F2571AE690050D386 /* LightTests */,
				3005D21A2571AE690050D386 /* LightUITests */,
				3005D1F42571AE650050D386 /* Products */,
			);
			sourceTree = "<group>";
		};
		3005D1F42571AE650050D386 /* Products */ = {
			isa = PBXGroup;
			children = (
				3005D1F32571AE650050D386 /* Light.app */,
				3005D20C2571AE690050D386 /* LightTests.xctest */,
				3005D2172571AE690050D386 /* LightUITests.xctest */,
			);
			name = Products;
			sourceTree = "<group>";
		};
		3005D1F52571AE650050D386 /* Light */ = {
			isa = PBXGroup;
			children = (
				3005D1F62571AE650050D386 /* AppDelegate.swift */,
				3005D1F82571AE650050D386 /* SceneDelegate.swift */,
				3005D1FA2571AE650050D386 /* ViewController.swift */,
				3005D1FC2571AE650050D386 /* Main.storyboard */,
				3005D2022571AE690050D386 /* Assets.xcassets */,
				3005D2042571AE690050D386 /* LaunchScreen.storyboard */,
				3005D2072571AE690050D386 /* Info.plist */,
				3005D1FF2571AE650050D386 /* Light.xcdatamodeld */,
			);
			path = Light;
			sourceTree = "<group>";
		};
		3005D20F2571AE690050D386 /* LightTests */ = {
			isa = PBXGroup;
			children = (
				3005D2102571AE690050D386 /* LightTests.swift */,
				3005D2122571AE690050D386 /* Info.plist */,
			);
			path = LightTests;
			sourceTree = "<group>";
		};
		3005D21A2571AE690050D386 /* LightUITests */ = {
			isa = PBXGroup;
			children = (
				3005D21B2571AE690050D386 /* LightUITests.swift */,
				3005D21D2571AE690050D386 /* Info.plist */,
			);
			path = LightUITests;
			sourceTree = "<group>";
		};
/* End PBXGroup section */

/* Begin PBXNativeTarget section */
		3005D1F22571AE650050D386 /* Light */ = {
			isa = PBXNativeTarget;
			buildConfigurationList = 3005D2202571AE690050D386 /* Build configuration list for PBXNativeTarget "Light" */;
			buildPhases = (
				3005D1EF2571AE650050D386 /* Sources */,
				3005D1F02571AE650050D386 /* Frameworks */,
				3005D1F12571AE650050D386 /* Resources */,
			);
			buildRules = (
			);
			dependencies = (
			);
			name = Light;
			productName = Light;
			productReference = 3005D1F32571AE650050D386 /* Light.app */;
			productType = "com.apple.product-type.application";
		};
		3005D20B2571AE690050D386 /* LightTests */ = {
			isa = PBXNativeTarget;
			buildConfigurationList = 3005D2232571AE690050D386 /* Build configuration list for PBXNativeTarget "LightTests" */;
			buildPhases = (
				3005D2082571AE690050D386 /* Sources */,
				3005D2092571AE690050D386 /* Frameworks */,
				3005D20A2571AE690050D386 /* Resources */,
			);
			buildRules = (
			);
			dependencies = (
				3005D20E2571AE690050D386 /* PBXTargetDependency */,
			);
			name = LightTests;
			productName = LightTests;
			productReference = 3005D20C2571AE690050D386 /* LightTests.xctest */;
			productType = "com.apple.product-type.bundle.unit-test";
		};
		3005D2162571AE690050D386 /* LightUITests */ = {
			isa = PBXNativeTarget;
			buildConfigurationList = 3005D2262571AE690050D386 /* Build configuration list for PBXNativeTarget "LightUITests" */;
			buildPhases = (
				3005D2132571AE690050D386 /* Sources */,
				3005D2142571AE690050D386 /* Frameworks */,
				3005D2152571AE690050D386 /* Resources */,
			);
			buildRules = (
			);
			dependencies = (
				3005D2192571AE690050D386 /* PBXTargetDependency */,
			);
			name = LightUITests;
			productName = LightUITests;
			productReference = 3005D2172571AE690050D386 /* LightUITests.xctest */;
			productType = "com.apple.product-type.bundle.ui-testing";
		};
/* End PBXNativeTarget section */

/* Begin PBXProject section */
		3005D1EB2571AE650050D386 /* Project object */ = {
			isa = PBXProject;
			attributes = {
				LastSwiftUpdateCheck = 1210;
				LastUpgradeCheck = 1210;
				TargetAttributes = {
					3005D1F22571AE650050D386 = {
						CreatedOnToolsVersion = 12.1;
					};
					3005D20B2571AE690050D386 = {
						CreatedOnToolsVersion = 12.1;
						TestTargetID = 3005D1F22571AE650050D386;
					};
					3005D2162571AE690050D386 = {
						CreatedOnToolsVersion = 12.1;
						TestTargetID = 3005D1F22571AE650050D386;
					};
				};
			};
			buildConfigurationList = 3005D1EE2571AE650050D386 /* Build configuration list for PBXProject "Light" */;
			compatibilityVersion = "Xcode 9.3";
			developmentRegion = en;
			hasScannedForEncodings = 0;
			knownRegions = (
				en,
				Base,
			);
			mainGroup = 3005D1EA2571AE650050D386;
			productRefGroup = 3005D1F42571AE650050D386 /* Products */;
			projectDirPath = "";
			projectRoot = "";
			targets = (
				3005D1F22571AE650050D386 /* Light */,
				3005D20B2571AE690050D386 /* LightTests */,
				3005D2162571AE690050D386 /* LightUITests */,
			);
		};
/* End PBXProject section */

/* Begin PBXResourcesBuildPhase section */
		3005D1F12571AE650050D386 /* Resources */ = {
			isa = PBXResourcesBuildPhase;
			buildActionMask = 2147483647;
			files = (
				3005D2062571AE690050D386 /* LaunchScreen.storyboard in Resources */,
				3005D2032571AE690050D386 /* Assets.xcassets in Resources */,
				3005D1FE2571AE650050D386 /* Main.storyboard in Resources */,
			);
			runOnlyForDeploymentPostprocessing = 0;
		};
		3005D20A2571AE690050D386 /* Resources */ = {
			isa = PBXResourcesBuildPhase;
			buildActionMask = 2147483647;
			files = (
			);
			runOnlyForDeploymentPostprocessing = 0;
		};
		3005D2152571AE690050D386 /* Resources */ = {
			isa = PBXResourcesBuildPhase;
			buildActionMask = 2147483647;
			files = (
			);
			runOnlyForDeploymentPostprocessing = 0;
		};
/* End PBXResourcesBuildPhase section */

/* Begin PBXSourcesBuildPhase section */
		3005D1EF2571AE650050D386 /* Sources */ = {
			isa = PBXSourcesBuildPhase;
			buildActionMask = 2147483647;
			files = (
				3005D1FB2571AE650050D386 /* ViewController.swift in Sources */,
				3005D1F72571AE650050D386 /* AppDelegate.swift in Sources */,
				3005D2012571AE650050D386 /* Light.xcdatamodeld in Sources */,
				3005D1F92571AE650050D386 /* SceneDelegate.swift in Sources */,
			);
			runOnlyForDeploymentPostprocessing = 0;
		};
		3005D2082571AE690050D386 /* Sources */ = {
			isa = PBXSourcesBuildPhase;
			buildActionMask = 2147483647;
			files = (
				3005D2112571AE690050D386 /* LightTests.swift in Sources */,
			);
			runOnlyForDeploymentPostprocessing = 0;
		};
		3005D2132571AE690050D386 /* Sources */ = {
			isa = PBXSourcesBuildPhase;
			buildActionMask = 2147483647;
			files = (
				3005D21C2571AE690050D386 /* LightUITests.swift in Sources */,
			);
			runOnlyForDeploymentPostprocessing = 0;
		};
/* End PBXSourcesBuildPhase section */

/* Begin PBXTargetDependency section */
		3005D20E2571AE690050D386 /* PBXTargetDependency */ = {
			isa = PBXTargetDependency;
			target = 3005D1F22571AE650050D386 /* Light */;
			targetProxy = 3005D20D2571AE690050D386 /* PBXContainerItemProxy */;
		};
		3005D2192571AE690050D386 /* PBXTargetDependency */ = {
			isa = PBXTargetDependency;
			target = 3005D1F22571AE650050D386 /* Light */;
			targetProxy = 3005D2182571AE690050D386 /* PBXContainerItemProxy */;
		};
/* End PBXTargetDependency section */

/* Begin PBXVariantGroup section */
		3005D1FC2571AE650050D386 /* Main.storyboard */ = {
			isa = PBXVariantGroup;
			children = (
				3005D1FD2571AE650050D386 /* Base */,
			);
			name = Main.storyboard;
			sourceTree = "<group>";
		};
		3005D2042571AE690050D386 /* LaunchScreen.storyboard */ = {
			isa = PBXVariantGroup;
			children = (
				3005D2052571AE690050D386 /* Base */,
			);
			name = LaunchScreen.storyboard;
			sourceTree = "<group>";
		};
/* End PBXVariantGroup section */

/* Begin XCBuildConfiguration section */
		3005D21E2571AE690050D386 /* Debug */ = {
			isa = XCBuildConfiguration;
			buildSettings = {
				ALWAYS_SEARCH_USER_PATHS = NO;
				CLANG_ANALYZER_NONNULL = YES;
				CLANG_ANALYZER_NUMBER_OBJECT_CONVERSION = YES_AGGRESSIVE;
				CLANG_CXX_LANGUAGE_STANDARD = "gnu++14";
				CLANG_CXX_LIBRARY = "libc++";
				CLANG_ENABLE_MODULES = YES;
				CLANG_ENABLE_OBJC_ARC = YES;
				CLANG_ENABLE_OBJC_WEAK = YES;
				CLANG_WARN_BLOCK_CAPTURE_AUTORELEASING = YES;
				CLANG_WARN_BOOL_CONVERSION = YES;
				CLANG_WARN_COMMA = YES;
				CLANG_WARN_CONSTANT_CONVERSION = YES;
				CLANG_WARN_DEPRECATED_OBJC_IMPLEMENTATIONS = YES;
				CLANG_WARN_DIRECT_OBJC_ISA_USAGE = YES_ERROR;
				CLANG_WARN_DOCUMENTATION_COMMENTS = YES;
				CLANG_WARN_EMPTY_BODY = YES;
				CLANG_WARN_ENUM_CONVERSION = YES;
				CLANG_WARN_INFINITE_RECURSION = YES;
				CLANG_WARN_INT_CONVERSION = YES;
				CLANG_WARN_NON_LITERAL_NULL_CONVERSION = YES;
				CLANG_WARN_OBJC_IMPLICIT_RETAIN_SELF = YES;
				CLANG_WARN_OBJC_LITERAL_CONVERSION = YES;
				CLANG_WARN_OBJC_ROOT_CLASS = YES_ERROR;
				CLANG_WARN_QUOTED_INCLUDE_IN_FRAMEWORK_HEADER = YES;
				CLANG_WARN_RANGE_LOOP_ANALYSIS = YES;
				CLANG_WARN_STRICT_PROTOTYPES = YES;
				CLANG_WARN_SUSPICIOUS_MOVE = YES;
				CLANG_WARN_UNGUARDED_AVAILABILITY = YES_AGGRESSIVE;
				CLANG_WARN_UNREACHABLE_CODE = YES;
				CLANG_WARN__DUPLICATE_METHOD_MATCH = YES;
				COPY_PHASE_STRIP = NO;
				DEBUG_INFORMATION_FORMAT = dwarf;
				ENABLE_STRICT_OBJC_MSGSEND = YES;
				ENABLE_TESTABILITY = YES;
				GCC_C_LANGUAGE_STANDARD = gnu11;
				GCC_DYNAMIC_NO_PIC = NO;
				GCC_NO_COMMON_BLOCKS = YES;
				GCC_OPTIMIZATION_LEVEL = 0;
				GCC_PREPROCESSOR_DEFINITIONS = (
					"DEBUG=1",
					"$(inherited)",
				);
				GCC_WARN_64_TO_32_BIT_CONVERSION = YES;
				GCC_WARN_ABOUT_RETURN_TYPE = YES_ERROR;
				GCC_WARN_UNDECLARED_SELECTOR = YES;
				GCC_WARN_UNINITIALIZED_AUTOS = YES_AGGRESSIVE;
				GCC_WARN_UNUSED_FUNCTION = YES;
				GCC_WARN_UNUSED_VARIABLE = YES;
				IPHONEOS_DEPLOYMENT_TARGET = 14.1;
				MTL_ENABLE_DEBUG_INFO = INCLUDE_SOURCE;
				MTL_FAST_MATH = YES;
				ONLY_ACTIVE_ARCH = YES;
				SDKROOT = iphoneos;
				SWIFT_ACTIVE_COMPILATION_CONDITIONS = DEBUG;
				SWIFT_OPTIMIZATION_LEVEL = "-Onone";
			};
			name = Debug;
		};
		3005D21F2571AE690050D386 /* Release */ = {
			isa = XCBuildConfiguration;
			buildSettings = {
				ALWAYS_SEARCH_USER_PATHS = NO;
				CLANG_ANALYZER_NONNULL = YES;
				CLANG_ANALYZER_NUMBER_OBJECT_CONVERSION = YES_AGGRESSIVE;
				CLANG_CXX_LANGUAGE_STANDARD = "gnu++14";
				CLANG_CXX_LIBRARY = "libc++";
				CLANG_ENABLE_MODULES = YES;
				CLANG_ENABLE_OBJC_ARC = YES;
				CLANG_ENABLE_OBJC_WEAK = YES;
				CLANG_WARN_BLOCK_CAPTURE_AUTORELEASING = YES;
				CLANG_WARN_BOOL_CONVERSION = YES;
				CLANG_WARN_COMMA = YES;
				CLANG_WARN_CONSTANT_CONVERSION = YES;
				CLANG_WARN_DEPRECATED_OBJC_IMPLEMENTATIONS = YES;
				CLANG_WARN_DIRECT_OBJC_ISA_USAGE = YES_ERROR;
				CLANG_WARN_DOCUMENTATION_COMMENTS = YES;
				CLANG_WARN_EMPTY_BODY = YES;
				CLANG_WARN_ENUM_CONVERSION = YES;
				CLANG_WARN_INFINITE_RECURSION = YES;
				CLANG_WARN_INT_CONVERSION = YES;
				CLANG_WARN_NON_LITERAL_NULL_CONVERSION = YES;
				CLANG_WARN_OBJC_IMPLICIT_RETAIN_SELF = YES;
				CLANG_WARN_OBJC_LITERAL_CONVERSION = YES;
				CLANG_WARN_OBJC_ROOT_CLASS = YES_ERROR;
				CLANG_WARN_QUOTED_INCLUDE_IN_FRAMEWORK_HEADER = YES;
				CLANG_WARN_RANGE_LOOP_ANALYSIS = YES;
				CLANG_WARN_STRICT_PROTOTYPES = YES;
				CLANG_WARN_SUSPICIOUS_MOVE = YES;
				CLANG_WARN_UNGUARDED_AVAILABILITY = YES_AGGRESSIVE;
				CLANG_WARN_UNREACHABLE_CODE = YES;
				CLANG_WARN__DUPLICATE_METHOD_MATCH = YES;
				COPY_PHASE_STRIP = NO;
				DEBUG_INFORMATION_FORMAT = "dwarf-with-dsym";
				ENABLE_NS_ASSERTIONS = NO;
				ENABLE_STRICT_OBJC_MSGSEND = YES;
				GCC_C_LANGUAGE_STANDARD = gnu11;
				GCC_NO_COMMON_BLOCKS = YES;
				GCC_WARN_64_TO_32_BIT_CONVERSION = YES;
				GCC_WARN_ABOUT_RETURN_TYPE = YES_ERROR;
				GCC_WARN_UNDECLARED_SELECTOR = YES;
				GCC_WARN_UNINITIALIZED_AUTOS = YES_AGGRESSIVE;
				GCC_WARN_UNUSED_FUNCTION = YES;
				GCC_WARN_UNUSED_VARIABLE = YES;
				IPHONEOS_DEPLOYMENT_TARGET = 14.1;
				MTL_ENABLE_DEBUG_INFO = NO;
				MTL_FAST_MATH = YES;
				SDKROOT = iphoneos;
				SWIFT_COMPILATION_MODE = wholemodule;
				SWIFT_OPTIMIZATION_LEVEL = "-O";
				VALIDATE_PRODUCT = YES;
			};
			name = Release;
		};
		3005D2212571AE690050D386 /* Debug */ = {
			isa = XCBuildConfiguration;
			buildSettings = {
				ASSETCATALOG_COMPILER_APPICON_NAME = AppIcon;
				ASSETCATALOG_COMPILER_GLOBAL_ACCENT_COLOR_NAME = AccentColor;
				CODE_SIGN_STYLE = Automatic;
				DEVELOPMENT_TEAM = 5V9YF4PVV3;
				INFOPLIST_FILE = Light/Info.plist;
				LD_RUNPATH_SEARCH_PATHS = (
					"$(inherited)",
					"@executable_path/Frameworks",
				);
				PRODUCT_BUNDLE_IDENTIFIER = com.kevums.Light;
				PRODUCT_NAME = "$(TARGET_NAME)";
				SWIFT_VERSION = 5.0;
				TARGETED_DEVICE_FAMILY = "1,2";
			};
			name = Debug;
		};
		3005D2222571AE690050D386 /* Release */ = {
			isa = XCBuildConfiguration;
			buildSettings = {
				ASSETCATALOG_COMPILER_APPICON_NAME = AppIcon;
				ASSETCATALOG_COMPILER_GLOBAL_ACCENT_COLOR_NAME = AccentColor;
				CODE_SIGN_STYLE = Automatic;
				DEVELOPMENT_TEAM = 5V9YF4PVV3;
				INFOPLIST_FILE = Light/Info.plist;
				LD_RUNPATH_SEARCH_PATHS = (
					"$(inherited)",
					"@executable_path/Frameworks",
				);
				PRODUCT_BUNDLE_IDENTIFIER = com.kevums.Light;
				PRODUCT_NAME = "$(TARGET_NAME)";
				SWIFT_VERSION = 5.0;
				TARGETED_DEVICE_FAMILY = "1,2";
			};
			name = Release;
		};
		3005D2242571AE690050D386 /* Debug */ = {
			isa = XCBuildConfiguration;
			buildSettings = {
				ALWAYS_EMBED_SWIFT_STANDARD_LIBRARIES = YES;
				BUNDLE_LOADER = "$(TEST_HOST)";
				CODE_SIGN_STYLE = Automatic;
				DEVELOPMENT_TEAM = 5V9YF4PVV3;
				INFOPLIST_FILE = LightTests/Info.plist;
				IPHONEOS_DEPLOYMENT_TARGET = 14.1;
				LD_RUNPATH_SEARCH_PATHS = (
					"$(inherited)",
					"@executable_path/Frameworks",
					"@loader_path/Frameworks",
				);
				PRODUCT_BUNDLE_IDENTIFIER = com.kevums.LightTests;
				PRODUCT_NAME = "$(TARGET_NAME)";
				SWIFT_VERSION = 5.0;
				TARGETED_DEVICE_FAMILY = "1,2";
				TEST_HOST = "$(BUILT_PRODUCTS_DIR)/Light.app/Light";
			};
			name = Debug;
		};
		3005D2252571AE690050D386 /* Release */ = {
			isa = XCBuildConfiguration;
			buildSettings = {
				ALWAYS_EMBED_SWIFT_STANDARD_LIBRARIES = YES;
				BUNDLE_LOADER = "$(TEST_HOST)";
				CODE_SIGN_STYLE = Automatic;
				DEVELOPMENT_TEAM = 5V9YF4PVV3;
				INFOPLIST_FILE = LightTests/Info.plist;
				IPHONEOS_DEPLOYMENT_TARGET = 14.1;
				LD_RUNPATH_SEARCH_PATHS = (
					"$(inherited)",
					"@executable_path/Frameworks",
					"@loader_path/Frameworks",
				);
				PRODUCT_BUNDLE_IDENTIFIER = com.kevums.LightTests;
				PRODUCT_NAME = "$(TARGET_NAME)";
				SWIFT_VERSION = 5.0;
				TARGETED_DEVICE_FAMILY = "1,2";
				TEST_HOST = "$(BUILT_PRODUCTS_DIR)/Light.app/Light";
			};
			name = Release;
		};
		3005D2272571AE690050D386 /* Debug */ = {
			isa = XCBuildConfiguration;
			buildSettings = {
				ALWAYS_EMBED_SWIFT_STANDARD_LIBRARIES = YES;
				CODE_SIGN_STYLE = Automatic;
				DEVELOPMENT_TEAM = 5V9YF4PVV3;
				INFOPLIST_FILE = LightUITests/Info.plist;
				LD_RUNPATH_SEARCH_PATHS = (
					"$(inherited)",
					"@executable_path/Frameworks",
					"@loader_path/Frameworks",
				);
				PRODUCT_BUNDLE_IDENTIFIER = com.kevums.LightUITests;
				PRODUCT_NAME = "$(TARGET_NAME)";
				SWIFT_VERSION = 5.0;
				TARGETED_DEVICE_FAMILY = "1,2";
				TEST_TARGET_NAME = Light;
			};
			name = Debug;
		};
		3005D2282571AE690050D386 /* Release */ = {
			isa = XCBuildConfiguration;
			buildSettings = {
				ALWAYS_EMBED_SWIFT_STANDARD_LIBRARIES = YES;
				CODE_SIGN_STYLE = Automatic;
				DEVELOPMENT_TEAM = 5V9YF4PVV3;
				INFOPLIST_FILE = LightUITests/Info.plist;
				LD_RUNPATH_SEARCH_PATHS = (
					"$(inherited)",
					"@executable_path/Frameworks",
					"@loader_path/Frameworks",
				);
				PRODUCT_BUNDLE_IDENTIFIER = com.kevums.LightUITests;
				PRODUCT_NAME = "$(TARGET_NAME)";
				SWIFT_VERSION = 5.0;
				TARGETED_DEVICE_FAMILY = "1,2";
				TEST_TARGET_NAME = Light;
			};
			name = Release;
		};
/* End XCBuildConfiguration section */

/* Begin XCConfigurationList section */
		3005D1EE2571AE650050D386 /* Build configuration list for PBXProject "Light" */ = {
			isa = XCConfigurationList;
			buildConfigurations = (
				3005D21E2571AE690050D386 /* Debug */,
				3005D21F2571AE690050D386 /* Release */,
			);
			defaultConfigurationIsVisible = 0;
			defaultConfigurationName = Release;
		};
		3005D2202571AE690050D386 /* Build configuration list for PBXNativeTarget "Light" */ = {
			isa = XCConfigurationList;
			buildConfigurations = (
				3005D2212571AE690050D386 /* Debug */,
				3005D2222571AE690050D386 /* Release */,
			);
			defaultConfigurationIsVisible = 0;
			defaultConfigurationName = Release;
		};
		3005D2232571AE690050D386 /* Build configuration list for PBXNativeTarget "LightTests" */ = {
			isa = XCConfigurationList;
			buildConfigurations = (
				3005D2242571AE690050D386 /* Debug */,
				3005D2252571AE690050D386 /* Release */,
			);
			defaultConfigurationIsVisible = 0;
			defaultConfigurationName = Release;
		};
		3005D2262571AE690050D386 /* Build configuration list for PBXNativeTarget "LightUITests" */ = {
			isa = XCConfigurationList;
			buildConfigurations = (
				3005D2272571AE690050D386 /* Debug */,
				3005D2282571AE690050D386 /* Release */,
			);
			defaultConfigurationIsVisible = 0;
			defaultConfigurationName = Release;
		};
/* End XCConfigurationList section */

/* Begin XCVersionGroup section */
		3005D1FF2571AE650050D386 /* Light.xcdatamodeld */ = {
			isa = XCVersionGroup;
			children = (
				3005D2002571AE650050D386 /* Light.xcdatamodel */,
			);
			currentVersion = 3005D2002571AE650050D386 /* Light.xcdatamodel */;
			path = Light.xcdatamodeld;
			sourceTree = "<group>";
			versionGroupType = wrapper.xcdatamodel;
		};
/* End XCVersionGroup section */
	};
	rootObject = 3005D1EB2571AE650050D386 /* Project object */;
}
